PODS:
  - ccavenue_india_sdk_flutter (0.0.1):
    - Flutter
  - Flutter (1.0.0)

DEPENDENCIES:
  - ccavenue_india_sdk_flutter (from `.symlinks/plugins/ccavenue_india_sdk_flutter/ios`)
  - Flutter (from `Flutter`)

EXTERNAL SOURCES:
  ccavenue_india_sdk_flutter:
    :path: ".symlinks/plugins/ccavenue_india_sdk_flutter/ios"
  Flutter:
    :path: Flutter

SPEC CHECKSUMS:
  ccavenue_india_sdk_flutter: 423fb3adc786bf9b03be3d28ab776b7f2d0d4307
  Flutter: cabc95a1d2626b1b06e7179b784ebcf0c0cde467

PODFILE CHECKSUM: 3c63482e143d1b91d2d2560aee9fb04ecc74ac7e

COCOAPODS: 1.16.2
